Microsoft Visual Studio Solution File, Format Version 11.00
# Visual Studio 2010
Project("{8BC9CEB8-8B4A-11D0-8D11-00A0C91BC942}") = "libOsi", "libOsi\libOsi.vcxproj", "{7D98E2CB-876E-4F75-9F71-77D3FE87E149}"
EndProject
Project("{8BC9CEB8-8B4A-11D0-8D11-00A0C91BC942}") = "libCoinUtils", "..\..\..\CoinUtils\MSVisualStudio\v10\libCoinUtils\libCoinUtils.vcxproj", "{C4867F15-438D-4FF8-8388-62FBAAA9786C}"
EndProject
Project("{8BC9CEB8-8B4A-11D0-8D11-00A0C91BC942}") = "OsiExamplesBasic", "OsiExamplesBasic\OsiExamplesBasic.vcxproj", "{B874A948-B5F4-4501-9735-BD9586C5216D}"
EndProject
Project("{8BC9CEB8-8B4A-11D0-8D11-00A0C91BC942}") = "OsiExamplesBuild", "OsiExamplesBuild\OsiExamplesBuild.vcxproj", "{1864FDC9-F116-4EB0-9B3F-6FD11E0307B4}"
EndProject
Project("{8BC9CEB8-8B4A-11D0-8D11-00A0C91BC942}") = "OsiExamplesParameters", "OsiExamplesParameters\OsiExamplesParameters.vcxproj", "{C0F44D7F-B535-44DC-9125-515E813A1753}"
EndProject
Project("{8BC9CEB8-8B4A-11D0-8D11-00A0C91BC942}") = "OsiExamplesQuery", "OsiExamplesQuery\OsiExamplesQuery.vcxproj", "{E54AF10F-FCBB-4A09-AAB7-2C83CF91BD2C}"
EndProject
Project("{8BC9CEB8-8B4A-11D0-8D11-00A0C91BC942}") = "OsiExamplesSpecific", "OsiExamplesSpecific\OsiExamplesSpecific.vcxproj", "{B5A702D5-C5F7-40EE-99E0-A500AE91528A}"
EndProject
Project("{8BC9CEB8-8B4A-11D0-8D11-00A0C91BC942}") = "libOsiCommonTest", "libOsiCommonTest\libOsiCommonTest.vcxproj", "{109D6E6F-6D91-460F-86AE-DF27400E09A9}"
EndProject
Project("{8BC9CEB8-8B4A-11D0-8D11-00A0C91BC942}") = "OsiUnitTest", "OsiUnitTest\OsiUnitTest.vcxproj", "{0DCD21B9-FCBD-4B2A-B1DE-65FA359C904C}"
EndProject
Global
	GlobalSection(SolutionConfigurationPlatforms) = preSolution
		Debug|Win32 = Debug|Win32
		Debug|x64 = Debug|x64
		Release|Win32 = Release|Win32
		Release|x64 = Release|x64
	EndGlobalSection
	GlobalSection(ProjectConfigurationPlatforms) = postSolution
		{7D98E2CB-876E-4F75-9F71-77D3FE87E149}.Debug|Win32.ActiveCfg = Debug|Win32
		{7D98E2CB-876E-4F75-9F71-77D3FE87E149}.Debug|Win32.Build.0 = Debug|Win32
		{7D98E2CB-876E-4F75-9F71-77D3FE87E149}.Debug|x64.ActiveCfg = Debug|x64
		{7D98E2CB-876E-4F75-9F71-77D3FE87E149}.Debug|x64.Build.0 = Debug|x64
		{7D98E2CB-876E-4F75-9F71-77D3FE87E149}.Release|Win32.ActiveCfg = Release|Win32
		{7D98E2CB-876E-4F75-9F71-77D3FE87E149}.Release|Win32.Build.0 = Release|Win32
		{7D98E2CB-876E-4F75-9F71-77D3FE87E149}.Release|x64.ActiveCfg = Release|x64
		{7D98E2CB-876E-4F75-9F71-77D3FE87E149}.Release|x64.Build.0 = Release|x64
		{C4867F15-438D-4FF8-8388-62FBAAA9786C}.Debug|Win32.ActiveCfg = Debug|Win32
		{C4867F15-438D-4FF8-8388-62FBAAA9786C}.Debug|Win32.Build.0 = Debug|Win32
		{C4867F15-438D-4FF8-8388-62FBAAA9786C}.Debug|x64.ActiveCfg = Debug|x64
		{C4867F15-438D-4FF8-8388-62FBAAA9786C}.Debug|x64.Build.0 = Debug|x64
		{C4867F15-438D-4FF8-8388-62FBAAA9786C}.Release|Win32.ActiveCfg = Release|Win32
		{C4867F15-438D-4FF8-8388-62FBAAA9786C}.Release|Win32.Build.0 = Release|Win32
		{C4867F15-438D-4FF8-8388-62FBAAA9786C}.Release|x64.ActiveCfg = Release|x64
		{C4867F15-438D-4FF8-8388-62FBAAA9786C}.Release|x64.Build.0 = Release|x64
		{B349E853-2E2B-468E-8853-184ACD948678}.Debug|Win32.ActiveCfg = Debug|Win32
		{B349E853-2E2B-468E-8853-184ACD948678}.Debug|x64.ActiveCfg = Debug|Win32
		{B349E853-2E2B-468E-8853-184ACD948678}.Release|Win32.ActiveCfg = Release|Win32
		{B349E853-2E2B-468E-8853-184ACD948678}.Release|x64.ActiveCfg = Release|Win32
		{B874A948-B5F4-4501-9735-BD9586C5216D}.Debug|Win32.ActiveCfg = Debug|Win32
		{B874A948-B5F4-4501-9735-BD9586C5216D}.Debug|x64.ActiveCfg = Debug|Win32
		{B874A948-B5F4-4501-9735-BD9586C5216D}.Release|Win32.ActiveCfg = Release|Win32
		{B874A948-B5F4-4501-9735-BD9586C5216D}.Release|x64.ActiveCfg = Release|Win32
		{1864FDC9-F116-4EB0-9B3F-6FD11E0307B4}.Debug|Win32.ActiveCfg = Debug|Win32
		{1864FDC9-F116-4EB0-9B3F-6FD11E0307B4}.Debug|x64.ActiveCfg = Debug|Win32
		{1864FDC9-F116-4EB0-9B3F-6FD11E0307B4}.Release|Win32.ActiveCfg = Release|Win32
		{1864FDC9-F116-4EB0-9B3F-6FD11E0307B4}.Release|x64.ActiveCfg = Release|Win32
		{C0F44D7F-B535-44DC-9125-515E813A1753}.Debug|Win32.ActiveCfg = Debug|Win32
		{C0F44D7F-B535-44DC-9125-515E813A1753}.Debug|x64.ActiveCfg = Debug|Win32
		{C0F44D7F-B535-44DC-9125-515E813A1753}.Release|Win32.ActiveCfg = Release|Win32
		{C0F44D7F-B535-44DC-9125-515E813A1753}.Release|x64.ActiveCfg = Release|Win32
		{E54AF10F-FCBB-4A09-AAB7-2C83CF91BD2C}.Debug|Win32.ActiveCfg = Debug|Win32
		{E54AF10F-FCBB-4A09-AAB7-2C83CF91BD2C}.Debug|x64.ActiveCfg = Debug|Win32
		{E54AF10F-FCBB-4A09-AAB7-2C83CF91BD2C}.Release|Win32.ActiveCfg = Release|Win32
		{E54AF10F-FCBB-4A09-AAB7-2C83CF91BD2C}.Release|x64.ActiveCfg = Release|Win32
		{B5A702D5-C5F7-40EE-99E0-A500AE91528A}.Debug|Win32.ActiveCfg = Debug|Win32
		{B5A702D5-C5F7-40EE-99E0-A500AE91528A}.Debug|x64.ActiveCfg = Debug|Win32
		{B5A702D5-C5F7-40EE-99E0-A500AE91528A}.Release|Win32.ActiveCfg = Release|Win32
		{B5A702D5-C5F7-40EE-99E0-A500AE91528A}.Release|x64.ActiveCfg = Release|Win32
		{109D6E6F-6D91-460F-86AE-DF27400E09A9}.Debug|Win32.ActiveCfg = Debug|Win32
		{109D6E6F-6D91-460F-86AE-DF27400E09A9}.Debug|Win32.Build.0 = Debug|Win32
		{109D6E6F-6D91-460F-86AE-DF27400E09A9}.Debug|x64.ActiveCfg = Debug|x64
		{109D6E6F-6D91-460F-86AE-DF27400E09A9}.Debug|x64.Build.0 = Debug|x64
		{109D6E6F-6D91-460F-86AE-DF27400E09A9}.Release|Win32.ActiveCfg = Release|Win32
		{109D6E6F-6D91-460F-86AE-DF27400E09A9}.Release|Win32.Build.0 = Release|Win32
		{109D6E6F-6D91-460F-86AE-DF27400E09A9}.Release|x64.ActiveCfg = Release|x64
		{109D6E6F-6D91-460F-86AE-DF27400E09A9}.Release|x64.Build.0 = Release|x64
		{0DCD21B9-FCBD-4B2A-B1DE-65FA359C904C}.Debug|Win32.ActiveCfg = Debug|Win32
		{0DCD21B9-FCBD-4B2A-B1DE-65FA359C904C}.Debug|Win32.Build.0 = Debug|Win32
		{0DCD21B9-FCBD-4B2A-B1DE-65FA359C904C}.Debug|x64.ActiveCfg = Debug|x64
		{0DCD21B9-FCBD-4B2A-B1DE-65FA359C904C}.Debug|x64.Build.0 = Debug|x64
		{0DCD21B9-FCBD-4B2A-B1DE-65FA359C904C}.Release|Win32.ActiveCfg = Release|Win32
		{0DCD21B9-FCBD-4B2A-B1DE-65FA359C904C}.Release|Win32.Build.0 = Release|Win32
		{0DCD21B9-FCBD-4B2A-B1DE-65FA359C904C}.Release|x64.ActiveCfg = Release|x64
		{0DCD21B9-FCBD-4B2A-B1DE-65FA359C904C}.Release|x64.Build.0 = Release|x64
	EndGlobalSection
	GlobalSection(SolutionProperties) = preSolution
		HideSolutionNode = FALSE
	EndGlobalSection
EndGlobal
